[[package]]
category = "main"
description = "Pythonic task execution"
name = "invoke"
optional = false
python-versions = "*"
version = "1.4.1"

[metadata]
content-hash = "8e561a05f96ca301df01a3c39e28c6b80c5b87af7684eec3926f7c2efa9342a5"
python-versions = "^3.6"

[metadata.files]
invoke = [
    {file = "invoke-1.4.1-py2-none-any.whl", hash = "sha256:93e12876d88130c8e0d7fd6618dd5387d6b36da55ad541481dfa5e001656f134"},
    {file = "invoke-1.4.1-py3-none-any.whl", hash = "sha256:87b3ef9d72a1667e104f89b159eaf8a514dbf2f3576885b2bbdefe74c3fb2132"},
    {file = "invoke-1.4.1.tar.gz", hash = "sha256:de3f23bfe669e3db1085789fd859eb8ca8e0c5d9c20811e2407fa042e8a5e15d"},
]
